// !$*UTF8*$!
{
	archiveVersion = 1;
	classes = {
	};
	objectVersion = 48;
	objects = {

/* Begin PBXGroup section */
		697BE19D204DCC0A00183828 = {
			isa = PBXGroup;
			children = (
			);
			sourceTree = "<group>";
		};
/* End PBXGroup section */

/* Begin PBXProject section */
		697BE19E204DCC0A00183828 /* Project object */ = {
			isa = PBXProject;
			attributes = {
				LastUpgradeCheck = 0920;
			};
			buildConfigurationList = 697BE1A1204DCC0A00183828 /* Build configuration list for PBXProject "StoreKitUserInfo" */;
			compatibilityVersion = "Xcode 8.0";
			developmentRegion = en;
			hasScannedForEncodings = 0;
			knownRegions = (
				en,
			);
			mainGroup = 697BE19D204DCC0A00183828;
			projectDirPath = "";
			projectRoot = "";
			targets = (
			);
		};
/* End PBXProject section */

/* Begin XCBuildConfiguration section */
		697BE1A2204DCC0A00183828 /* Debug */ = {
			isa = XCBuildConfiguration;
			buildSettings = {
			};
			name = Debug;
		};
		697BE1A3204DCC0A00183828 /* Release */ = {
			isa = XCBuildConfiguration;
			buildSettings = {
			};
			name = Release;
		};
/* End XCBuildConfiguration section */

/* Begin XCConfigurationList section */
		697BE1A1204DCC0A00183828 /* Build configuration list for PBXProject "StoreKitUserInfo" */ = {
			isa = XCConfigurationList;
			buildConfigurations = (
				697BE1A2204DCC0A00183828 /* Debug */,
				697BE1A3204DCC0A00183828 /* Release */,
			);
			defaultConfigurationIsVisible = 0;
			defaultConfigurationName = Release;
		};
/* End XCConfigurationList section */
	};
	rootObject = 697BE19E204DCC0A00183828 /* Project object */;
}
